<?xml version="1.0" encoding="UTF-8"?>
<!DOCTYPE plist PUBLIC "-//Apple//DTD PLIST 1.0//EN" "http://www.apple.com/DTDs/PropertyList-1.0.dtd">
<plist version="1.0">
<dict>
	<key>archiveVersion</key>
	<string>1</string>
	<key>classes</key>
	<dict/>
	<key>objectVersion</key>
	<string>46</string>
	<key>objects</key>
	<dict>
		<key>0CD224A466541E5C90B6BF12</key>
		<dict>
			<key>explicitFileType</key>
			<string>wrapper.framework</string>
			<key>includeInIndex</key>
			<string>0</string>
			<key>isa</key>
			<string>PBXFileReference</string>
			<key>path</key>
			<string>Pods_Bunk1SpotlightReelMaker.framework</string>
			<key>sourceTree</key>
			<string>BUILT_PRODUCTS_DIR</string>
		</dict>
		<key>0FDBE10992B7F581D1467C83</key>
		<dict>
			<key>fileRef</key>
			<string>DE91570D99A9BBAAF40872E6</string>
			<key>isa</key>
			<string>PBXBuildFile</string>
		</dict>
		<key>1FC7FFA6B2D00D8C73925C4C</key>
		<dict>
			<key>buildActionMask</key>
			<string>2147483647</string>
			<key>files</key>
			<array/>
			<key>inputPaths</key>
			<array/>
			<key>isa</key>
			<string>PBXShellScriptBuildPhase</string>
			<key>name</key>
			<string>Embed Pods Frameworks</string>
			<key>outputPaths</key>
			<array/>
			<key>runOnlyForDeploymentPostprocessing</key>
			<string>0</string>
			<key>shellPath</key>
			<string>/bin/sh</string>
			<key>shellScript</key>
			<string>"${SRCROOT}/Pods/Target Support Files/Pods-Bunk1SpotlightReelMaker/Pods-Bunk1SpotlightReelMaker-frameworks.sh"
</string>
			<key>showEnvVarsInLog</key>
			<string>0</string>
		</dict>
		<key>27014E3A31D425A6FAB8DF62</key>
		<dict>
			<key>fileRef</key>
			<string>6AF5F42CE7FE156D6782330F</string>
			<key>isa</key>
			<string>PBXBuildFile</string>
		</dict>
		<key>6AF5F42CE7FE156D6782330F</key>
		<dict>
			<key>explicitFileType</key>
			<string>wrapper.framework</string>
			<key>includeInIndex</key>
			<string>0</string>
			<key>isa</key>
			<string>PBXFileReference</string>
			<key>path</key>
			<string>Pods_Bunk1SpotlightReelMakerUITests.framework</string>
			<key>sourceTree</key>
			<string>BUILT_PRODUCTS_DIR</string>
		</dict>
		<key>7107C88DEAFA4C1FF55B959A</key>
		<dict>
			<key>includeInIndex</key>
			<string>1</string>
			<key>isa</key>
			<string>PBXFileReference</string>
			<key>lastKnownFileType</key>
			<string>text.xcconfig</string>
			<key>name</key>
			<string>Pods-Bunk1SpotlightReelMakerUITests.release.xcconfig</string>
			<key>path</key>
			<string>Pods/Target Support Files/Pods-Bunk1SpotlightReelMakerUITests/Pods-Bunk1SpotlightReelMakerUITests.release.xcconfig</string>
			<key>sourceTree</key>
			<string>&lt;group&gt;</string>
		</dict>
		<key>88227F662DAB8660E27579EB</key>
		<dict>
			<key>children</key>
			<array>
				<string>0CD224A466541E5C90B6BF12</string>
				<string>DE91570D99A9BBAAF40872E6</string>
				<string>6AF5F42CE7FE156D6782330F</string>
			</array>
			<key>isa</key>
			<string>PBXGroup</string>
			<key>name</key>
			<string>Frameworks</string>
			<key>sourceTree</key>
			<string>&lt;group&gt;</string>
		</dict>
		<key>8822B4931D8B3220000427F1</key>
		<dict>
			<key>isa</key>
			<string>PBXFileReference</string>
			<key>lastKnownFileType</key>
			<string>audio.mp3</string>
			<key>path</key>
			<string>DT_TheDuff_Ready2Go_128_INST.mp3</string>
			<key>sourceTree</key>
			<string>&lt;group&gt;</string>
		</dict>
		<key>8822B4941D8B3220000427F1</key>
		<dict>
			<key>isa</key>
			<string>PBXFileReference</string>
			<key>lastKnownFileType</key>
			<string>audio.mp3</string>
			<key>path</key>
			<string>DT_TheDUFF_EverySingleNight_INST_125.mp3</string>
			<key>sourceTree</key>
			<string>&lt;group&gt;</string>
		</dict>
		<key>8822B4951D8B3220000427F1</key>
		<dict>
			<key>isa</key>
			<string>PBXFileReference</string>
			<key>lastKnownFileType</key>
			<string>audio.mp3</string>
			<key>path</key>
			<string>TB - Disney Funk 124bpm.mp3</string>
			<key>sourceTree</key>
			<string>&lt;group&gt;</string>
		</dict>
		<key>8822B4961D8B3220000427F1</key>
		<dict>
			<key>isa</key>
			<string>PBXFileReference</string>
			<key>lastKnownFileType</key>
			<string>audio.mp3</string>
			<key>path</key>
			<string>DT_TheDuff_CoolKids_INST130.mp3</string>
			<key>sourceTree</key>
			<string>&lt;group&gt;</string>
		</dict>
		<key>8822B4971D8B3220000427F1</key>
		<dict>
			<key>fileRef</key>
			<string>8822B4931D8B3220000427F1</string>
			<key>isa</key>
			<string>PBXBuildFile</string>
		</dict>
		<key>8822B4981D8B3220000427F1</key>
		<dict>
			<key>fileRef</key>
			<string>8822B4931D8B3220000427F1</string>
			<key>isa</key>
			<string>PBXBuildFile</string>
		</dict>
		<key>8822B4991D8B3220000427F1</key>
		<dict>
			<key>fileRef</key>
			<string>8822B4931D8B3220000427F1</string>
			<key>isa</key>
			<string>PBXBuildFile</string>
		</dict>
		<key>8822B49A1D8B3220000427F1</key>
		<dict>
			<key>fileRef</key>
			<string>8822B4941D8B3220000427F1</string>
			<key>isa</key>
			<string>PBXBuildFile</string>
		</dict>
		<key>8822B49B1D8B3220000427F1</key>
		<dict>
			<key>fileRef</key>
			<string>8822B4941D8B3220000427F1</string>
			<key>isa</key>
			<string>PBXBuildFile</string>
		</dict>
		<key>8822B49C1D8B3220000427F1</key>
		<dict>
			<key>fileRef</key>
			<string>8822B4941D8B3220000427F1</string>
			<key>isa</key>
			<string>PBXBuildFile</string>
		</dict>
		<key>8822B49D1D8B3220000427F1</key>
		<dict>
			<key>fileRef</key>
			<string>8822B4951D8B3220000427F1</string>
			<key>isa</key>
			<string>PBXBuildFile</string>
		</dict>
		<key>8822B49E1D8B3220000427F1</key>
		<dict>
			<key>fileRef</key>
			<string>8822B4951D8B3220000427F1</string>
			<key>isa</key>
			<string>PBXBuildFile</string>
		</dict>
		<key>8822B49F1D8B3220000427F1</key>
		<dict>
			<key>fileRef</key>
			<string>8822B4951D8B3220000427F1</string>
			<key>isa</key>
			<string>PBXBuildFile</string>
		</dict>
		<key>8822B4A01D8B3220000427F1</key>
		<dict>
			<key>fileRef</key>
			<string>8822B4961D8B3220000427F1</string>
			<key>isa</key>
			<string>PBXBuildFile</string>
		</dict>
		<key>8822B4A11D8B3220000427F1</key>
		<dict>
			<key>fileRef</key>
			<string>8822B4961D8B3220000427F1</string>
			<key>isa</key>
			<string>PBXBuildFile</string>
		</dict>
		<key>8822B4A21D8B3220000427F1</key>
		<dict>
			<key>fileRef</key>
			<string>8822B4961D8B3220000427F1</string>
			<key>isa</key>
			<string>PBXBuildFile</string>
		</dict>
		<key>8822B4A31D8B343E000427F1</key>
		<dict>
			<key>isa</key>
			<string>PBXFileReference</string>
			<key>lastKnownFileType</key>
			<string>image.png</string>
			<key>path</key>
			<string>begin.png</string>
			<key>sourceTree</key>
			<string>&lt;group&gt;</string>
		</dict>
		<key>8822B4A41D8B343E000427F1</key>
		<dict>
			<key>isa</key>
			<string>PBXFileReference</string>
			<key>lastKnownFileType</key>
			<string>image.png</string>
			<key>path</key>
			<string>end.png</string>
			<key>sourceTree</key>
			<string>&lt;group&gt;</string>
		</dict>
		<key>8822B4A51D8B343E000427F1</key>
		<dict>
			<key>fileRef</key>
			<string>8822B4A31D8B343E000427F1</string>
			<key>isa</key>
			<string>PBXBuildFile</string>
		</dict>
		<key>8822B4A61D8B343E000427F1</key>
		<dict>
			<key>fileRef</key>
			<string>8822B4A31D8B343E000427F1</string>
			<key>isa</key>
			<string>PBXBuildFile</string>
		</dict>
		<key>8822B4A71D8B343E000427F1</key>
		<dict>
			<key>fileRef</key>
			<string>8822B4A31D8B343E000427F1</string>
			<key>isa</key>
			<string>PBXBuildFile</string>
		</dict>
		<key>8822B4A81D8B343E000427F1</key>
		<dict>
			<key>fileRef</key>
			<string>8822B4A41D8B343E000427F1</string>
			<key>isa</key>
			<string>PBXBuildFile</string>
		</dict>
		<key>8822B4A91D8B343E000427F1</key>
		<dict>
			<key>fileRef</key>
			<string>8822B4A41D8B343E000427F1</string>
			<key>isa</key>
			<string>PBXBuildFile</string>
		</dict>
		<key>8822B4AA1D8B343E000427F1</key>
		<dict>
			<key>fileRef</key>
			<string>8822B4A41D8B343E000427F1</string>
			<key>isa</key>
			<string>PBXBuildFile</string>
		</dict>
		<key>88BA2F121D89F74B006C9C5D</key>
		<dict>
			<key>children</key>
			<array>
				<string>88BA2F1D1D89F74B006C9C5D</string>
				<string>88BA2F371D89F74B006C9C5D</string>
				<string>88BA2F421D89F74B006C9C5D</string>
				<string>88BA2F1C1D89F74B006C9C5D</string>
				<string>EF2B071891BFFF7467105F57</string>
				<string>88227F662DAB8660E27579EB</string>
			</array>
			<key>isa</key>
			<string>PBXGroup</string>
			<key>sourceTree</key>
			<string>&lt;group&gt;</string>
		</dict>
		<key>88BA2F131D89F74B006C9C5D</key>
		<dict>
			<key>attributes</key>
			<dict>
				<key>LastUpgradeCheck</key>
				<string>0730</string>
				<key>ORGANIZATIONNAME</key>
				<string>Spotlight</string>
				<key>TargetAttributes</key>
				<dict>
					<key>88BA2F1A1D89F74B006C9C5D</key>
					<dict>
						<key>CreatedOnToolsVersion</key>
						<string>7.3.1</string>
						<key>DevelopmentTeam</key>
						<string>P3829NR3CL</string>
					</dict>
					<key>88BA2F331D89F74B006C9C5D</key>
					<dict>
						<key>CreatedOnToolsVersion</key>
						<string>7.3.1</string>
						<key>TestTargetID</key>
						<string>88BA2F1A1D89F74B006C9C5D</string>
					</dict>
					<key>88BA2F3E1D89F74B006C9C5D</key>
					<dict>
						<key>CreatedOnToolsVersion</key>
						<string>7.3.1</string>
						<key>TestTargetID</key>
						<string>88BA2F1A1D89F74B006C9C5D</string>
					</dict>
				</dict>
			</dict>
			<key>buildConfigurationList</key>
			<string>88BA2F161D89F74B006C9C5D</string>
			<key>compatibilityVersion</key>
			<string>Xcode 3.2</string>
			<key>developmentRegion</key>
			<string>English</string>
			<key>hasScannedForEncodings</key>
			<string>0</string>
			<key>isa</key>
			<string>PBXProject</string>
			<key>knownRegions</key>
			<array>
				<string>en</string>
				<string>Base</string>
			</array>
			<key>mainGroup</key>
			<string>88BA2F121D89F74B006C9C5D</string>
			<key>productRefGroup</key>
			<string>88BA2F1C1D89F74B006C9C5D</string>
			<key>projectDirPath</key>
			<string></string>
			<key>projectReferences</key>
			<array/>
			<key>projectRoot</key>
			<string></string>
			<key>targets</key>
			<array>
				<string>88BA2F1A1D89F74B006C9C5D</string>
				<string>88BA2F331D89F74B006C9C5D</string>
				<string>88BA2F3E1D89F74B006C9C5D</string>
			</array>
		</dict>
		<key>88BA2F161D89F74B006C9C5D</key>
		<dict>
			<key>buildConfigurations</key>
			<array>
				<string>88BA2F461D89F74B006C9C5D</string>
				<string>88BA2F471D89F74B006C9C5D</string>
			</array>
			<key>defaultConfigurationIsVisible</key>
			<string>0</string>
			<key>defaultConfigurationName</key>
			<string>Release</string>
			<key>isa</key>
			<string>XCConfigurationList</string>
		</dict>
		<key>88BA2F171D89F74B006C9C5D</key>
		<dict>
			<key>buildActionMask</key>
			<string>2147483647</string>
			<key>files</key>
			<array>
				<string>88BA2F531D89FE60006C9C5D</string>
				<string>88BA2F261D89F74B006C9C5D</string>
				<string>88BA2F231D89F74B006C9C5D</string>
				<string>88BA2F621D8A1E11006C9C5D</string>
				<string>88BA2F201D89F74B006C9C5D</string>
			</array>
			<key>isa</key>
			<string>PBXSourcesBuildPhase</string>
			<key>runOnlyForDeploymentPostprocessing</key>
			<string>0</string>
		</dict>
		<key>88BA2F181D89F74B006C9C5D</key>
		<dict>
			<key>buildActionMask</key>
			<string>2147483647</string>
			<key>files</key>
			<array>
				<string>B2F068D00FF51E80E641EAAC</string>
			</array>
			<key>isa</key>
			<string>PBXFrameworksBuildPhase</string>
			<key>runOnlyForDeploymentPostprocessing</key>
			<string>0</string>
		</dict>
		<key>88BA2F191D89F74B006C9C5D</key>
		<dict>
			<key>buildActionMask</key>
			<string>2147483647</string>
			<key>files</key>
			<array>
				<string>88BA2F5D1D8A0B62006C9C5D</string>
				<string>88CB17DF1D93711D0056B263</string>
				<string>88CB17F61D93711D0056B263</string>
				<string>88CB17E41D93711D0056B263</string>
				<string>88CB17E21D93711D0056B263</string>
				<string>88CB17B31D936FAC0056B263</string>
				<string>88CB17F31D93711D0056B263</string>
				<string>88CB17E91D93711D0056B263</string>
				<string>88BA2F651D8A2356006C9C5D</string>
				<string>88CB17E61D93711D0056B263</string>
				<string>88CB17EB1D93711D0056B263</string>
				<string>88CB17EA1D93711D0056B263</string>
				<string>88CB17FB1D93711D0056B263</string>
				<string>88BA2F661D8A2356006C9C5D</string>
				<string>88CB17FE1D93711D0056B263</string>
				<string>88BA2F571D8A0B4E006C9C5D</string>
				<string>88CB17B61D9370D70056B263</string>
				<string>88CB17E51D93711D0056B263</string>
				<string>88CB17F71D93711D0056B263</string>
				<string>88CB17FD1D93711D0056B263</string>
				<string>88CB17F81D93711D0056B263</string>
				<string>88BA2F2E1D89F74B006C9C5D</string>
				<string>88CB17DD1D93711D0056B263</string>
				<string>88CB17F91D93711D0056B263</string>
				<string>88CB17B71D9370D70056B263</string>
				<string>88CB17F21D93711D0056B263</string>
				<string>88CB17FA1D93711D0056B263</string>
				<string>88BA2F551D8A0B49006C9C5D</string>
				<string>8822B49D1D8B3220000427F1</string>
				<string>8822B49A1D8B3220000427F1</string>
				<string>88CB17ED1D93711D0056B263</string>
				<string>88D784071DAFEB8A002B1859</string>
				<string>88CB17E71D93711D0056B263</string>
				<string>88CB17DC1D93711D0056B263</string>
				<string>88CB17EC1D93711D0056B263</string>
				<string>8822B4971D8B3220000427F1</string>
				<string>88BA2F2B1D89F74B006C9C5D</string>
				<string>8822B4A81D8B343E000427F1</string>
				<string>88CB17F51D93711D0056B263</string>
				<string>88CB17E81D93711D0056B263</string>
				<string>88BA2F291D89F74B006C9C5D</string>
				<string>88CB17F11D93711D0056B263</string>
				<string>8822B4A51D8B343E000427F1</string>
				<string>88CB17E11D93711D0056B263</string>
				<string>8822B4A01D8B3220000427F1</string>
				<string>88BA2F5E1D8A0B62006C9C5D</string>
				<string>88CB17E31D93711D0056B263</string>
				<string>88CB17EE1D93711D0056B263</string>
				<string>88CB17DE1D93711D0056B263</string>
			</array>
			<key>isa</key>
			<string>PBXResourcesBuildPhase</string>
			<key>runOnlyForDeploymentPostprocessing</key>
			<string>0</string>
		</dict>
		<key>88BA2F1A1D89F74B006C9C5D</key>
		<dict>
			<key>buildConfigurationList</key>
			<string>88BA2F481D89F74B006C9C5D</string>
			<key>buildPhases</key>
			<array>
				<string>88BA2F171D89F74B006C9C5D</string>
				<string>88BA2F181D89F74B006C9C5D</string>
				<string>88BA2F191D89F74B006C9C5D</string>
				<string>1FC7FFA6B2D00D8C73925C4C</string>
			</array>
			<key>buildRules</key>
			<array/>
			<key>dependencies</key>
			<array/>
			<key>isa</key>
			<string>PBXNativeTarget</string>
			<key>name</key>
			<string>Bunk1SpotlightReelMaker</string>
			<key>productName</key>
			<string>Bunk1SpotlightReelMaker</string>
			<key>productReference</key>
			<string>88BA2F1B1D89F74B006C9C5D</string>
			<key>productType</key>
			<string>com.apple.product-type.application</string>
		</dict>
		<key>88BA2F1B1D89F74B006C9C5D</key>
		<dict>
			<key>explicitFileType</key>
			<string>wrapper.application</string>
			<key>includeInIndex</key>
			<string>0</string>
			<key>isa</key>
			<string>PBXFileReference</string>
			<key>path</key>
			<string>Bunk1SpotlightReelMaker.app</string>
			<key>sourceTree</key>
			<string>BUILT_PRODUCTS_DIR</string>
		</dict>
		<key>88BA2F1C1D89F74B006C9C5D</key>
		<dict>
			<key>children</key>
			<array>
				<string>88BA2F1B1D89F74B006C9C5D</string>
				<string>88BA2F341D89F74B006C9C5D</string>
				<string>88BA2F3F1D89F74B006C9C5D</string>
			</array>
			<key>isa</key>
			<string>PBXGroup</string>
			<key>name</key>
			<string>Products</string>
			<key>sourceTree</key>
			<string>&lt;group&gt;</string>
		</dict>
		<key>88BA2F1D1D89F74B006C9C5D</key>
		<dict>
			<key>children</key>
			<array>
				<string>88BA2F211D89F74B006C9C5D</string>
				<string>88BA2F221D89F74B006C9C5D</string>
				<string>88BA2F511D89FE60006C9C5D</string>
				<string>88BA2F521D89FE60006C9C5D</string>
				<string>88BA2F241D89F74B006C9C5D</string>
				<string>88BA2F251D89F74B006C9C5D</string>
				<string>88BA2F611D8A1E11006C9C5D</string>
				<string>8822B4A31D8B343E000427F1</string>
				<string>8822B4A41D8B343E000427F1</string>
				<string>88BA2F631D8A2356006C9C5D</string>
				<string>88BA2F641D8A2356006C9C5D</string>
				<string>88BA2F561D8A0B4E006C9C5D</string>
				<string>88CB17B81D93711D0056B263</string>
				<string>88BA2F5A1D8A0B62006C9C5D</string>
				<string>8822B4931D8B3220000427F1</string>
				<string>88CB17B21D936FAC0056B263</string>
				<string>8822B4941D8B3220000427F1</string>
				<string>8822B4951D8B3220000427F1</string>
				<string>8822B4961D8B3220000427F1</string>
				<string>88D784061DAFEB8A002B1859</string>
				<string>88BA2F5B1D8A0B62006C9C5D</string>
				<string>88BA2F541D8A0B49006C9C5D</string>
				<string>88BA2F271D89F74B006C9C5D</string>
				<string>88BA2F2A1D89F74B006C9C5D</string>
				<string>88BA2F2C1D89F74B006C9C5D</string>
				<string>88BA2F2F1D89F74B006C9C5D</string>
				<string>88BA2F1E1D89F74B006C9C5D</string>
				<string>88BA2F601D8A1E11006C9C5D</string>
			</array>
			<key>isa</key>
			<string>PBXGroup</string>
			<key>path</key>
			<string>Bunk1SpotlightReelMaker</string>
			<key>sourceTree</key>
			<string>&lt;group&gt;</string>
		</dict>
		<key>88BA2F1E1D89F74B006C9C5D</key>
		<dict>
			<key>children</key>
			<array>
				<string>88BA2F1F1D89F74B006C9C5D</string>
			</array>
			<key>isa</key>
			<string>PBXGroup</string>
			<key>name</key>
			<string>Supporting Files</string>
			<key>sourceTree</key>
			<string>&lt;group&gt;</string>
		</dict>
		<key>88BA2F1F1D89F74B006C9C5D</key>
		<dict>
			<key>isa</key>
			<string>PBXFileReference</string>
			<key>lastKnownFileType</key>
			<string>sourcecode.c.objc</string>
			<key>path</key>
			<string>main.m</string>
			<key>sourceTree</key>
			<string>&lt;group&gt;</string>
		</dict>
		<key>88BA2F201D89F74B006C9C5D</key>
		<dict>
			<key>fileRef</key>
			<string>88BA2F1F1D89F74B006C9C5D</string>
			<key>isa</key>
			<string>PBXBuildFile</string>
		</dict>
		<key>88BA2F211D89F74B006C9C5D</key>
		<dict>
			<key>isa</key>
			<string>PBXFileReference</string>
			<key>lastKnownFileType</key>
			<string>sourcecode.c.h</string>
			<key>path</key>
			<string>AppDelegate.h</string>
			<key>sourceTree</key>
			<string>&lt;group&gt;</string>
		</dict>
		<key>88BA2F221D89F74B006C9C5D</key>
		<dict>
			<key>isa</key>
			<string>PBXFileReference</string>
			<key>lastKnownFileType</key>
			<string>sourcecode.c.objc</string>
			<key>path</key>
			<string>AppDelegate.m</string>
			<key>sourceTree</key>
			<string>&lt;group&gt;</string>
		</dict>
		<key>88BA2F231D89F74B006C9C5D</key>
		<dict>
			<key>fileRef</key>
			<string>88BA2F221D89F74B006C9C5D</string>
			<key>isa</key>
			<string>PBXBuildFile</string>
		</dict>
		<key>88BA2F241D89F74B006C9C5D</key>
		<dict>
			<key>isa</key>
			<string>PBXFileReference</string>
			<key>lastKnownFileType</key>
			<string>sourcecode.c.h</string>
			<key>path</key>
			<string>ViewController.h</string>
			<key>sourceTree</key>
			<string>&lt;group&gt;</string>
		</dict>
		<key>88BA2F251D89F74B006C9C5D</key>
		<dict>
			<key>isa</key>
			<string>PBXFileReference</string>
			<key>lastKnownFileType</key>
			<string>sourcecode.c.objc</string>
			<key>path</key>
			<string>ViewController.m</string>
			<key>sourceTree</key>
			<string>&lt;group&gt;</string>
		</dict>
		<key>88BA2F261D89F74B006C9C5D</key>
		<dict>
			<key>fileRef</key>
			<string>88BA2F251D89F74B006C9C5D</string>
			<key>isa</key>
			<string>PBXBuildFile</string>
		</dict>
		<key>88BA2F271D89F74B006C9C5D</key>
		<dict>
			<key>children</key>
			<array>
				<string>88BA2F281D89F74B006C9C5D</string>
			</array>
			<key>isa</key>
			<string>PBXVariantGroup</string>
			<key>name</key>
			<string>Main.storyboard</string>
			<key>sourceTree</key>
			<string>&lt;group&gt;</string>
		</dict>
		<key>88BA2F281D89F74B006C9C5D</key>
		<dict>
			<key>isa</key>
			<string>PBXFileReference</string>
			<key>lastKnownFileType</key>
			<string>file.storyboard</string>
			<key>name</key>
			<string>Base</string>
			<key>path</key>
			<string>Base.lproj/Main.storyboard</string>
			<key>sourceTree</key>
			<string>&lt;group&gt;</string>
		</dict>
		<key>88BA2F291D89F74B006C9C5D</key>
		<dict>
			<key>fileRef</key>
			<string>88BA2F271D89F74B006C9C5D</string>
			<key>isa</key>
			<string>PBXBuildFile</string>
		</dict>
		<key>88BA2F2A1D89F74B006C9C5D</key>
		<dict>
			<key>isa</key>
			<string>PBXFileReference</string>
			<key>lastKnownFileType</key>
			<string>folder.assetcatalog</string>
			<key>path</key>
			<string>Assets.xcassets</string>
			<key>sourceTree</key>
			<string>&lt;group&gt;</string>
		</dict>
		<key>88BA2F2B1D89F74B006C9C5D</key>
		<dict>
			<key>fileRef</key>
			<string>88BA2F2A1D89F74B006C9C5D</string>
			<key>isa</key>
			<string>PBXBuildFile</string>
		</dict>
		<key>88BA2F2C1D89F74B006C9C5D</key>
		<dict>
			<key>children</key>
			<array>
				<string>88BA2F2D1D89F74B006C9C5D</string>
			</array>
			<key>isa</key>
			<string>PBXVariantGroup</string>
			<key>name</key>
			<string>LaunchScreen.storyboard</string>
			<key>sourceTree</key>
			<string>&lt;group&gt;</string>
		</dict>
		<key>88BA2F2D1D89F74B006C9C5D</key>
		<dict>
			<key>isa</key>
			<string>PBXFileReference</string>
			<key>lastKnownFileType</key>
			<string>file.storyboard</string>
			<key>name</key>
			<string>Base</string>
			<key>path</key>
			<string>Base.lproj/LaunchScreen.storyboard</string>
			<key>sourceTree</key>
			<string>&lt;group&gt;</string>
		</dict>
		<key>88BA2F2E1D89F74B006C9C5D</key>
		<dict>
			<key>fileRef</key>
			<string>88BA2F2C1D89F74B006C9C5D</string>
			<key>isa</key>
			<string>PBXBuildFile</string>
		</dict>
		<key>88BA2F2F1D89F74B006C9C5D</key>
		<dict>
			<key>isa</key>
			<string>PBXFileReference</string>
			<key>lastKnownFileType</key>
			<string>text.plist.xml</string>
			<key>path</key>
			<string>Info.plist</string>
			<key>sourceTree</key>
			<string>&lt;group&gt;</string>
		</dict>
		<key>88BA2F301D89F74B006C9C5D</key>
		<dict>
			<key>buildActionMask</key>
			<string>2147483647</string>
			<key>files</key>
			<array>
				<string>88BA2F391D89F74B006C9C5D</string>
			</array>
			<key>isa</key>
			<string>PBXSourcesBuildPhase</string>
			<key>runOnlyForDeploymentPostprocessing</key>
			<string>0</string>
		</dict>
		<key>88BA2F311D89F74B006C9C5D</key>
		<dict>
			<key>buildActionMask</key>
			<string>2147483647</string>
			<key>files</key>
			<array>
				<string>0FDBE10992B7F581D1467C83</string>
			</array>
			<key>isa</key>
			<string>PBXFrameworksBuildPhase</string>
			<key>runOnlyForDeploymentPostprocessing</key>
			<string>0</string>
		</dict>
		<key>88BA2F321D89F74B006C9C5D</key>
		<dict>
			<key>buildActionMask</key>
			<string>2147483647</string>
			<key>files</key>
			<array>
				<string>8822B49E1D8B3220000427F1</string>
				<string>8822B4A91D8B343E000427F1</string>
				<string>8822B4981D8B3220000427F1</string>
				<string>88D784081DAFEB8A002B1859</string>
				<string>8822B4A61D8B343E000427F1</string>
				<string>8822B4A11D8B3220000427F1</string>
				<string>8822B49B1D8B3220000427F1</string>
			</array>
			<key>isa</key>
			<string>PBXResourcesBuildPhase</string>
			<key>runOnlyForDeploymentPostprocessing</key>
			<string>0</string>
		</dict>
		<key>88BA2F331D89F74B006C9C5D</key>
		<dict>
			<key>buildConfigurationList</key>
			<string>88BA2F4B1D89F74B006C9C5D</string>
			<key>buildPhases</key>
			<array>
				<string>AA52F221A12B745496BE1E97</string>
				<string>88BA2F301D89F74B006C9C5D</string>
				<string>88BA2F311D89F74B006C9C5D</string>
				<string>88BA2F321D89F74B006C9C5D</string>
				<string>9018CB193B8ED96D336E1394</string>
				<string>CF0FE7BF7CB8DA5EF52E1D40</string>
			</array>
			<key>buildRules</key>
			<array/>
			<key>dependencies</key>
			<array>
				<string>88BA2F361D89F74B006C9C5D</string>
			</array>
			<key>isa</key>
			<string>PBXNativeTarget</string>
			<key>name</key>
			<string>Bunk1SpotlightReelMakerTests</string>
			<key>productName</key>
			<string>Bunk1SpotlightReelMakerTests</string>
			<key>productReference</key>
			<string>88BA2F341D89F74B006C9C5D</string>
			<key>productType</key>
			<string>com.apple.product-type.bundle.unit-test</string>
		</dict>
		<key>88BA2F341D89F74B006C9C5D</key>
		<dict>
			<key>explicitFileType</key>
			<string>wrapper.cfbundle</string>
			<key>includeInIndex</key>
			<string>0</string>
			<key>isa</key>
			<string>PBXFileReference</string>
			<key>path</key>
			<string>Bunk1SpotlightReelMakerTests.xctest</string>
			<key>sourceTree</key>
			<string>BUILT_PRODUCTS_DIR</string>
		</dict>
		<key>88BA2F351D89F74B006C9C5D</key>
		<dict>
			<key>containerPortal</key>
			<string>88BA2F131D89F74B006C9C5D</string>
			<key>isa</key>
			<string>PBXContainerItemProxy</string>
			<key>proxyType</key>
			<string>1</string>
			<key>remoteGlobalIDString</key>
			<string>88BA2F1A1D89F74B006C9C5D</string>
			<key>remoteInfo</key>
			<string>Bunk1SpotlightReelMaker</string>
		</dict>
		<key>88BA2F361D89F74B006C9C5D</key>
		<dict>
			<key>isa</key>
			<string>PBXTargetDependency</string>
			<key>target</key>
			<string>88BA2F1A1D89F74B006C9C5D</string>
			<key>targetProxy</key>
			<string>88BA2F351D89F74B006C9C5D</string>
		</dict>
		<key>88BA2F371D89F74B006C9C5D</key>
		<dict>
			<key>children</key>
			<array>
				<string>88BA2F381D89F74B006C9C5D</string>
				<string>88BA2F3A1D89F74B006C9C5D</string>
			</array>
			<key>isa</key>
			<string>PBXGroup</string>
			<key>path</key>
			<string>Bunk1SpotlightReelMakerTests</string>
			<key>sourceTree</key>
			<string>&lt;group&gt;</string>
		</dict>
		<key>88BA2F381D89F74B006C9C5D</key>
		<dict>
			<key>isa</key>
			<string>PBXFileReference</string>
			<key>lastKnownFileType</key>
			<string>sourcecode.c.objc</string>
			<key>path</key>
			<string>Bunk1SpotlightReelMakerTests.m</string>
			<key>sourceTree</key>
			<string>&lt;group&gt;</string>
		</dict>
		<key>88BA2F391D89F74B006C9C5D</key>
		<dict>
			<key>fileRef</key>
			<string>88BA2F381D89F74B006C9C5D</string>
			<key>isa</key>
			<string>PBXBuildFile</string>
		</dict>
		<key>88BA2F3A1D89F74B006C9C5D</key>
		<dict>
			<key>isa</key>
			<string>PBXFileReference</string>
			<key>lastKnownFileType</key>
			<string>text.plist.xml</string>
			<key>path</key>
			<string>Info.plist</string>
			<key>sourceTree</key>
			<string>&lt;group&gt;</string>
		</dict>
		<key>88BA2F3B1D89F74B006C9C5D</key>
		<dict>
			<key>buildActionMask</key>
			<string>2147483647</string>
			<key>files</key>
			<array>
				<string>88BA2F441D89F74B006C9C5D</string>
			</array>
			<key>isa</key>
			<string>PBXSourcesBuildPhase</string>
			<key>runOnlyForDeploymentPostprocessing</key>
			<string>0</string>
		</dict>
		<key>88BA2F3C1D89F74B006C9C5D</key>
		<dict>
			<key>buildActionMask</key>
			<string>2147483647</string>
			<key>files</key>
			<array>
				<string>27014E3A31D425A6FAB8DF62</string>
			</array>
			<key>isa</key>
			<string>PBXFrameworksBuildPhase</string>
			<key>runOnlyForDeploymentPostprocessing</key>
			<string>0</string>
		</dict>
		<key>88BA2F3D1D89F74B006C9C5D</key>
		<dict>
			<key>buildActionMask</key>
			<string>2147483647</string>
			<key>files</key>
			<array>
				<string>8822B49F1D8B3220000427F1</string>
				<string>8822B4AA1D8B343E000427F1</string>
				<string>8822B4991D8B3220000427F1</string>
				<string>88D784091DAFEB8A002B1859</string>
				<string>8822B4A71D8B343E000427F1</string>
				<string>8822B4A21D8B3220000427F1</string>
				<string>8822B49C1D8B3220000427F1</string>
			</array>
			<key>isa</key>
			<string>PBXResourcesBuildPhase</string>
			<key>runOnlyForDeploymentPostprocessing</key>
			<string>0</string>
		</dict>
		<key>88BA2F3E1D89F74B006C9C5D</key>
		<dict>
			<key>buildConfigurationList</key>
			<string>88BA2F4E1D89F74B006C9C5D</string>
			<key>buildPhases</key>
			<array>
				<string>B67F5B869F7B0A9D4AD91489</string>
				<string>88BA2F3B1D89F74B006C9C5D</string>
				<string>88BA2F3C1D89F74B006C9C5D</string>
				<string>88BA2F3D1D89F74B006C9C5D</string>
				<string>F78FD76B8D6531954956A1BD</string>
			</array>
			<key>buildRules</key>
			<array/>
			<key>dependencies</key>
			<array>
				<string>88BA2F411D89F74B006C9C5D</string>
			</array>
			<key>isa</key>
			<string>PBXNativeTarget</string>
			<key>name</key>
			<string>Bunk1SpotlightReelMakerUITests</string>
			<key>productName</key>
			<string>Bunk1SpotlightReelMakerUITests</string>
			<key>productReference</key>
			<string>88BA2F3F1D89F74B006C9C5D</string>
			<key>productType</key>
			<string>com.apple.product-type.bundle.ui-testing</string>
		</dict>
		<key>88BA2F3F1D89F74B006C9C5D</key>
		<dict>
			<key>explicitFileType</key>
			<string>wrapper.cfbundle</string>
			<key>includeInIndex</key>
			<string>0</string>
			<key>isa</key>
			<string>PBXFileReference</string>
			<key>path</key>
			<string>Bunk1SpotlightReelMakerUITests.xctest</string>
			<key>sourceTree</key>
			<string>BUILT_PRODUCTS_DIR</string>
		</dict>
		<key>88BA2F401D89F74B006C9C5D</key>
		<dict>
			<key>containerPortal</key>
			<string>88BA2F131D89F74B006C9C5D</string>
			<key>isa</key>
			<string>PBXContainerItemProxy</string>
			<key>proxyType</key>
			<string>1</string>
			<key>remoteGlobalIDString</key>
			<string>88BA2F1A1D89F74B006C9C5D</string>
			<key>remoteInfo</key>
			<string>Bunk1SpotlightReelMaker</string>
		</dict>
		<key>88BA2F411D89F74B006C9C5D</key>
		<dict>
			<key>isa</key>
			<string>PBXTargetDependency</string>
			<key>target</key>
			<string>88BA2F1A1D89F74B006C9C5D</string>
			<key>targetProxy</key>
			<string>88BA2F401D89F74B006C9C5D</string>
		</dict>
		<key>88BA2F421D89F74B006C9C5D</key>
		<dict>
			<key>children</key>
			<array>
				<string>88BA2F431D89F74B006C9C5D</string>
				<string>88BA2F451D89F74B006C9C5D</string>
			</array>
			<key>isa</key>
			<string>PBXGroup</string>
			<key>path</key>
			<string>Bunk1SpotlightReelMakerUITests</string>
			<key>sourceTree</key>
			<string>&lt;group&gt;</string>
		</dict>
		<key>88BA2F431D89F74B006C9C5D</key>
		<dict>
			<key>isa</key>
			<string>PBXFileReference</string>
			<key>lastKnownFileType</key>
			<string>sourcecode.c.objc</string>
			<key>path</key>
			<string>Bunk1SpotlightReelMakerUITests.m</string>
			<key>sourceTree</key>
			<string>&lt;group&gt;</string>
		</dict>
		<key>88BA2F441D89F74B006C9C5D</key>
		<dict>
			<key>fileRef</key>
			<string>88BA2F431D89F74B006C9C5D</string>
			<key>isa</key>
			<string>PBXBuildFile</string>
		</dict>
		<key>88BA2F451D89F74B006C9C5D</key>
		<dict>
			<key>isa</key>
			<string>PBXFileReference</string>
			<key>lastKnownFileType</key>
			<string>text.plist.xml</string>
			<key>path</key>
			<string>Info.plist</string>
			<key>sourceTree</key>
			<string>&lt;group&gt;</string>
		</dict>
		<key>88BA2F461D89F74B006C9C5D</key>
		<dict>
			<key>buildSettings</key>
			<dict>
				<key>ALWAYS_SEARCH_USER_PATHS</key>
				<string>NO</string>
				<key>CLANG_ANALYZER_NONNULL</key>
				<string>YES</string>
				<key>CLANG_CXX_LANGUAGE_STANDARD</key>
				<string>gnu++0x</string>
				<key>CLANG_CXX_LIBRARY</key>
				<string>libc++</string>
				<key>CLANG_ENABLE_MODULES</key>
				<string>YES</string>
				<key>CLANG_ENABLE_OBJC_ARC</key>
				<string>YES</string>
				<key>CLANG_WARN_BOOL_CONVERSION</key>
				<string>YES</string>
				<key>CLANG_WARN_CONSTANT_CONVERSION</key>
				<string>YES</string>
				<key>CLANG_WARN_DIRECT_OBJC_ISA_USAGE</key>
				<string>YES_ERROR</string>
				<key>CLANG_WARN_EMPTY_BODY</key>
				<string>YES</string>
				<key>CLANG_WARN_ENUM_CONVERSION</key>
				<string>YES</string>
				<key>CLANG_WARN_INT_CONVERSION</key>
				<string>YES</string>
				<key>CLANG_WARN_OBJC_ROOT_CLASS</key>
				<string>YES_ERROR</string>
				<key>CLANG_WARN_UNREACHABLE_CODE</key>
				<string>YES</string>
				<key>CLANG_WARN__DUPLICATE_METHOD_MATCH</key>
				<string>YES</string>
				<key>CODE_SIGN_IDENTITY[sdk=iphoneos*]</key>
				<string>iPhone Developer</string>
				<key>COPY_PHASE_STRIP</key>
				<string>NO</string>
				<key>DEBUG_INFORMATION_FORMAT</key>
				<string>dwarf</string>
				<key>ENABLE_STRICT_OBJC_MSGSEND</key>
				<string>YES</string>
				<key>ENABLE_TESTABILITY</key>
				<string>YES</string>
				<key>GCC_C_LANGUAGE_STANDARD</key>
				<string>gnu99</string>
				<key>GCC_DYNAMIC_NO_PIC</key>
				<string>NO</string>
				<key>GCC_NO_COMMON_BLOCKS</key>
				<string>YES</string>
				<key>GCC_OPTIMIZATION_LEVEL</key>
				<string>0</string>
				<key>GCC_PREPROCESSOR_DEFINITIONS</key>
				<array>
					<string>DEBUG=1</string>
					<string>$(inherited)</string>
				</array>
				<key>GCC_WARN_64_TO_32_BIT_CONVERSION</key>
				<string>YES</string>
				<key>GCC_WARN_ABOUT_RETURN_TYPE</key>
				<string>YES_ERROR</string>
				<key>GCC_WARN_UNDECLARED_SELECTOR</key>
				<string>YES</string>
				<key>GCC_WARN_UNINITIALIZED_AUTOS</key>
				<string>YES_AGGRESSIVE</string>
				<key>GCC_WARN_UNUSED_FUNCTION</key>
				<string>YES</string>
				<key>GCC_WARN_UNUSED_VARIABLE</key>
				<string>YES</string>
				<key>IPHONEOS_DEPLOYMENT_TARGET</key>
				<string>9.3</string>
				<key>MTL_ENABLE_DEBUG_INFO</key>
				<string>YES</string>
				<key>ONLY_ACTIVE_ARCH</key>
				<string>YES</string>
				<key>SDKROOT</key>
				<string>iphoneos</string>
				<key>SWIFT_VERSION</key>
				<string>2.3</string>
				<key>TARGETED_DEVICE_FAMILY</key>
				<string>1,2</string>
			</dict>
			<key>isa</key>
			<string>XCBuildConfiguration</string>
			<key>name</key>
			<string>Debug</string>
		</dict>
		<key>88BA2F471D89F74B006C9C5D</key>
		<dict>
			<key>buildSettings</key>
			<dict>
				<key>ALWAYS_SEARCH_USER_PATHS</key>
				<string>NO</string>
				<key>CLANG_ANALYZER_NONNULL</key>
				<string>YES</string>
				<key>CLANG_CXX_LANGUAGE_STANDARD</key>
				<string>gnu++0x</string>
				<key>CLANG_CXX_LIBRARY</key>
				<string>libc++</string>
				<key>CLANG_ENABLE_MODULES</key>
				<string>YES</string>
				<key>CLANG_ENABLE_OBJC_ARC</key>
				<string>YES</string>
				<key>CLANG_WARN_BOOL_CONVERSION</key>
				<string>YES</string>
				<key>CLANG_WARN_CONSTANT_CONVERSION</key>
				<string>YES</string>
				<key>CLANG_WARN_DIRECT_OBJC_ISA_USAGE</key>
				<string>YES_ERROR</string>
				<key>CLANG_WARN_EMPTY_BODY</key>
				<string>YES</string>
				<key>CLANG_WARN_ENUM_CONVERSION</key>
				<string>YES</string>
				<key>CLANG_WARN_INT_CONVERSION</key>
				<string>YES</string>
				<key>CLANG_WARN_OBJC_ROOT_CLASS</key>
				<string>YES_ERROR</string>
				<key>CLANG_WARN_UNREACHABLE_CODE</key>
				<string>YES</string>
				<key>CLANG_WARN__DUPLICATE_METHOD_MATCH</key>
				<string>YES</string>
				<key>CODE_SIGN_IDENTITY[sdk=iphoneos*]</key>
				<string>iPhone Developer</string>
				<key>COPY_PHASE_STRIP</key>
				<string>NO</string>
				<key>DEBUG_INFORMATION_FORMAT</key>
				<string>dwarf-with-dsym</string>
				<key>ENABLE_NS_ASSERTIONS</key>
				<string>NO</string>
				<key>ENABLE_STRICT_OBJC_MSGSEND</key>
				<string>YES</string>
				<key>GCC_C_LANGUAGE_STANDARD</key>
				<string>gnu99</string>
				<key>GCC_NO_COMMON_BLOCKS</key>
				<string>YES</string>
				<key>GCC_WARN_64_TO_32_BIT_CONVERSION</key>
				<string>YES</string>
				<key>GCC_WARN_ABOUT_RETURN_TYPE</key>
				<string>YES_ERROR</string>
				<key>GCC_WARN_UNDECLARED_SELECTOR</key>
				<string>YES</string>
				<key>GCC_WARN_UNINITIALIZED_AUTOS</key>
				<string>YES_AGGRESSIVE</string>
				<key>GCC_WARN_UNUSED_FUNCTION</key>
				<string>YES</string>
				<key>GCC_WARN_UNUSED_VARIABLE</key>
				<string>YES</string>
				<key>IPHONEOS_DEPLOYMENT_TARGET</key>
				<string>9.3</string>
				<key>MTL_ENABLE_DEBUG_INFO</key>
				<string>NO</string>
				<key>SDKROOT</key>
				<string>iphoneos</string>
				<key>SWIFT_VERSION</key>
				<string>2.3</string>
				<key>TARGETED_DEVICE_FAMILY</key>
				<string>1,2</string>
				<key>VALIDATE_PRODUCT</key>
				<string>YES</string>
			</dict>
			<key>isa</key>
			<string>XCBuildConfiguration</string>
			<key>name</key>
			<string>Release</string>
		</dict>
		<key>88BA2F481D89F74B006C9C5D</key>
		<dict>
			<key>buildConfigurations</key>
			<array>
				<string>88BA2F491D89F74B006C9C5D</string>
				<string>88BA2F4A1D89F74B006C9C5D</string>
			</array>
			<key>defaultConfigurationIsVisible</key>
			<string>0</string>
			<key>defaultConfigurationName</key>
			<string>Release</string>
			<key>isa</key>
			<string>XCConfigurationList</string>
		</dict>
		<key>88BA2F491D89F74B006C9C5D</key>
		<dict>
			<key>baseConfigurationReference</key>
			<string>A54BCF638E6015F89E9B8C36</string>
			<key>buildSettings</key>
			<dict>
				<key>ASSETCATALOG_COMPILER_APPICON_NAME</key>
				<string>AppIcon</string>
				<key>CLANG_ENABLE_MODULES</key>
				<string>YES</string>
				<key>DEFINES_MODULE</key>
				<string>YES</string>
				<key>DEVELOPMENT_TEAM</key>
				<string>P3829NR3CL</string>
				<key>INFOPLIST_FILE</key>
				<string>Bunk1SpotlightReelMaker/Info.plist</string>
				<key>LD_RUNPATH_SEARCH_PATHS</key>
				<string>$(inherited) @executable_path/Frameworks</string>
				<key>PRODUCT_BUNDLE_IDENTIFIER</key>
				<string>com.myspotlight.Bunk1SpotlightReelMaker</string>
				<key>PRODUCT_NAME</key>
				<string>$(TARGET_NAME)</string>
				<key>SWIFT_OBJC_BRIDGING_HEADER</key>
				<string>Bunk1SpotlightReelMaker/Bunk1SpotlightReelMaker-Bridging-Header.h</string>
				<key>SWIFT_OPTIMIZATION_LEVEL</key>
				<string>-Onone</string>
			</dict>
			<key>isa</key>
			<string>XCBuildConfiguration</string>
			<key>name</key>
			<string>Debug</string>
		</dict>
		<key>88BA2F4A1D89F74B006C9C5D</key>
		<dict>
			<key>baseConfigurationReference</key>
			<string>A0C2F52C0736C38F874D5B33</string>
			<key>buildSettings</key>
			<dict>
				<key>ASSETCATALOG_COMPILER_APPICON_NAME</key>
				<string>AppIcon</string>
				<key>CLANG_ENABLE_MODULES</key>
				<string>YES</string>
				<key>DEFINES_MODULE</key>
				<string>YES</string>
				<key>DEVELOPMENT_TEAM</key>
				<string>P3829NR3CL</string>
				<key>INFOPLIST_FILE</key>
				<string>Bunk1SpotlightReelMaker/Info.plist</string>
				<key>LD_RUNPATH_SEARCH_PATHS</key>
				<string>$(inherited) @executable_path/Frameworks</string>
				<key>PRODUCT_BUNDLE_IDENTIFIER</key>
				<string>com.myspotlight.Bunk1SpotlightReelMaker</string>
				<key>PRODUCT_NAME</key>
				<string>$(TARGET_NAME)</string>
				<key>SWIFT_OBJC_BRIDGING_HEADER</key>
				<string>Bunk1SpotlightReelMaker/Bunk1SpotlightReelMaker-Bridging-Header.h</string>
			</dict>
			<key>isa</key>
			<string>XCBuildConfiguration</string>
			<key>name</key>
			<string>Release</string>
		</dict>
		<key>88BA2F4B1D89F74B006C9C5D</key>
		<dict>
			<key>buildConfigurations</key>
			<array>
				<string>88BA2F4C1D89F74B006C9C5D</string>
				<string>88BA2F4D1D89F74B006C9C5D</string>
			</array>
			<key>defaultConfigurationIsVisible</key>
			<string>0</string>
			<key>defaultConfigurationName</key>
			<string>Release</string>
			<key>isa</key>
			<string>XCConfigurationList</string>
		</dict>
		<key>88BA2F4C1D89F74B006C9C5D</key>
		<dict>
			<key>baseConfigurationReference</key>
			<string>DD79984F631DC5F61FBF7966</string>
			<key>buildSettings</key>
			<dict>
				<key>BUNDLE_LOADER</key>
				<string>$(TEST_HOST)</string>
				<key>INFOPLIST_FILE</key>
				<string>Bunk1SpotlightReelMakerTests/Info.plist</string>
				<key>LD_RUNPATH_SEARCH_PATHS</key>
				<string>$(inherited) @executable_path/Frameworks @loader_path/Frameworks</string>
				<key>PRODUCT_BUNDLE_IDENTIFIER</key>
				<string>com.myspotlight.Bunk1SpotlightReelMakerTests</string>
				<key>PRODUCT_NAME</key>
				<string>$(TARGET_NAME)</string>
				<key>TEST_HOST</key>
				<string>$(BUILT_PRODUCTS_DIR)/Bunk1SpotlightReelMaker.app/Bunk1SpotlightReelMaker</string>
			</dict>
			<key>isa</key>
			<string>XCBuildConfiguration</string>
			<key>name</key>
			<string>Debug</string>
		</dict>
		<key>88BA2F4D1D89F74B006C9C5D</key>
		<dict>
			<key>baseConfigurationReference</key>
			<string>91D7E433814F10B39696F95A</string>
			<key>buildSettings</key>
			<dict>
				<key>BUNDLE_LOADER</key>
				<string>$(TEST_HOST)</string>
				<key>INFOPLIST_FILE</key>
				<string>Bunk1SpotlightReelMakerTests/Info.plist</string>
				<key>LD_RUNPATH_SEARCH_PATHS</key>
				<string>$(inherited) @executable_path/Frameworks @loader_path/Frameworks</string>
				<key>PRODUCT_BUNDLE_IDENTIFIER</key>
				<string>com.myspotlight.Bunk1SpotlightReelMakerTests</string>
				<key>PRODUCT_NAME</key>
				<string>$(TARGET_NAME)</string>
				<key>TEST_HOST</key>
				<string>$(BUILT_PRODUCTS_DIR)/Bunk1SpotlightReelMaker.app/Bunk1SpotlightReelMaker</string>
			</dict>
			<key>isa</key>
			<string>XCBuildConfiguration</string>
			<key>name</key>
			<string>Release</string>
		</dict>
		<key>88BA2F4E1D89F74B006C9C5D</key>
		<dict>
			<key>buildConfigurations</key>
			<array>
				<string>88BA2F4F1D89F74B006C9C5D</string>
				<string>88BA2F501D89F74B006C9C5D</string>
			</array>
			<key>defaultConfigurationIsVisible</key>
			<string>0</string>
			<key>defaultConfigurationName</key>
			<string>Release</string>
			<key>isa</key>
			<string>XCConfigurationList</string>
		</dict>
		<key>88BA2F4F1D89F74B006C9C5D</key>
		<dict>
			<key>baseConfigurationReference</key>
			<string>EF3EE906A38CBA6F1611B4F7</string>
			<key>buildSettings</key>
			<dict>
				<key>INFOPLIST_FILE</key>
				<string>Bunk1SpotlightReelMakerUITests/Info.plist</string>
				<key>LD_RUNPATH_SEARCH_PATHS</key>
				<string>$(inherited) @executable_path/Frameworks @loader_path/Frameworks</string>
				<key>PRODUCT_BUNDLE_IDENTIFIER</key>
				<string>com.myspotlight.Bunk1SpotlightReelMakerUITests</string>
				<key>PRODUCT_NAME</key>
				<string>$(TARGET_NAME)</string>
				<key>TEST_TARGET_NAME</key>
				<string>Bunk1SpotlightReelMaker</string>
			</dict>
			<key>isa</key>
			<string>XCBuildConfiguration</string>
			<key>name</key>
			<string>Debug</string>
		</dict>
		<key>88BA2F501D89F74B006C9C5D</key>
		<dict>
			<key>baseConfigurationReference</key>
			<string>7107C88DEAFA4C1FF55B959A</string>
			<key>buildSettings</key>
			<dict>
				<key>INFOPLIST_FILE</key>
				<string>Bunk1SpotlightReelMakerUITests/Info.plist</string>
				<key>LD_RUNPATH_SEARCH_PATHS</key>
				<string>$(inherited) @executable_path/Frameworks @loader_path/Frameworks</string>
				<key>PRODUCT_BUNDLE_IDENTIFIER</key>
				<string>com.myspotlight.Bunk1SpotlightReelMakerUITests</string>
				<key>PRODUCT_NAME</key>
				<string>$(TARGET_NAME)</string>
				<key>TEST_TARGET_NAME</key>
				<string>Bunk1SpotlightReelMaker</string>
			</dict>
			<key>isa</key>
			<string>XCBuildConfiguration</string>
			<key>name</key>
			<string>Release</string>
		</dict>
		<key>88BA2F511D89FE60006C9C5D</key>
		<dict>
			<key>fileEncoding</key>
			<string>4</string>
			<key>isa</key>
			<string>PBXFileReference</string>
			<key>lastKnownFileType</key>
			<string>sourcecode.c.h</string>
			<key>path</key>
			<string>SpotlightHighlightReelCreator.h</string>
			<key>sourceTree</key>
			<string>&lt;group&gt;</string>
		</dict>
		<key>88BA2F521D89FE60006C9C5D</key>
		<dict>
			<key>fileEncoding</key>
			<string>4</string>
			<key>isa</key>
			<string>PBXFileReference</string>
			<key>lastKnownFileType</key>
			<string>sourcecode.c.objc</string>
			<key>path</key>
			<string>SpotlightHighlightReelCreator.m</string>
			<key>sourceTree</key>
			<string>&lt;group&gt;</string>
		</dict>
		<key>88BA2F531D89FE60006C9C5D</key>
		<dict>
			<key>fileRef</key>
			<string>88BA2F521D89FE60006C9C5D</string>
			<key>isa</key>
			<string>PBXBuildFile</string>
		</dict>
		<key>88BA2F541D8A0B49006C9C5D</key>
		<dict>
			<key>isa</key>
			<string>PBXFileReference</string>
			<key>lastKnownFileType</key>
			<string>image.jpeg</string>
			<key>path</key>
			<string>alpaca.jpeg</string>
			<key>sourceTree</key>
			<string>&lt;group&gt;</string>
		</dict>
		<key>88BA2F551D8A0B49006C9C5D</key>
		<dict>
			<key>fileRef</key>
			<string>88BA2F541D8A0B49006C9C5D</string>
			<key>isa</key>
			<string>PBXBuildFile</string>
		</dict>
		<key>88BA2F561D8A0B4E006C9C5D</key>
		<dict>
			<key>isa</key>
			<string>PBXFileReference</string>
			<key>lastKnownFileType</key>
			<string>image.jpeg</string>
			<key>path</key>
			<string>1552-4.jpg</string>
			<key>sourceTree</key>
			<string>&lt;group&gt;</string>
		</dict>
		<key>88BA2F571D8A0B4E006C9C5D</key>
		<dict>
			<key>fileRef</key>
			<string>88BA2F561D8A0B4E006C9C5D</string>
			<key>isa</key>
			<string>PBXBuildFile</string>
		</dict>
		<key>88BA2F5A1D8A0B62006C9C5D</key>
		<dict>
			<key>isa</key>
			<string>PBXFileReference</string>
			<key>lastKnownFileType</key>
			<string>image.jpeg</string>
			<key>path</key>
			<string>1.jpg</string>
			<key>sourceTree</key>
			<string>&lt;group&gt;</string>
		</dict>
		<key>88BA2F5B1D8A0B62006C9C5D</key>
		<dict>
			<key>isa</key>
			<string>PBXFileReference</string>
			<key>lastKnownFileType</key>
			<string>image.jpeg</string>
			<key>path</key>
			<string>2.jpg</string>
			<key>sourceTree</key>
			<string>&lt;group&gt;</string>
		</dict>
		<key>88BA2F5D1D8A0B62006C9C5D</key>
		<dict>
			<key>fileRef</key>
			<string>88BA2F5A1D8A0B62006C9C5D</string>
			<key>isa</key>
			<string>PBXBuildFile</string>
		</dict>
		<key>88BA2F5E1D8A0B62006C9C5D</key>
		<dict>
			<key>fileRef</key>
			<string>88BA2F5B1D8A0B62006C9C5D</string>
			<key>isa</key>
			<string>PBXBuildFile</string>
		</dict>
		<key>88BA2F601D8A1E11006C9C5D</key>
		<dict>
			<key>isa</key>
			<string>PBXFileReference</string>
			<key>lastKnownFileType</key>
			<string>sourcecode.c.h</string>
			<key>path</key>
			<string>Bunk1SpotlightReelMaker-Bridging-Header.h</string>
			<key>sourceTree</key>
			<string>&lt;group&gt;</string>
		</dict>
		<key>88BA2F611D8A1E11006C9C5D</key>
		<dict>
			<key>fileEncoding</key>
			<string>4</string>
			<key>isa</key>
			<string>PBXFileReference</string>
			<key>lastKnownFileType</key>
			<string>sourcecode.swift</string>
			<key>path</key>
			<string>movietransitions.swift</string>
			<key>sourceTree</key>
			<string>&lt;group&gt;</string>
		</dict>
		<key>88BA2F621D8A1E11006C9C5D</key>
		<dict>
			<key>fileRef</key>
			<string>88BA2F611D8A1E11006C9C5D</string>
			<key>isa</key>
			<string>PBXBuildFile</string>
		</dict>
		<key>88BA2F631D8A2356006C9C5D</key>
		<dict>
			<key>isa</key>
			<string>PBXFileReference</string>
			<key>lastKnownFileType</key>
			<string>video.quicktime</string>
			<key>path</key>
			<string>1.MOV</string>
			<key>sourceTree</key>
			<string>&lt;group&gt;</string>
		</dict>
		<key>88BA2F641D8A2356006C9C5D</key>
		<dict>
			<key>isa</key>
			<string>PBXFileReference</string>
			<key>lastKnownFileType</key>
			<string>video.quicktime</string>
			<key>path</key>
			<string>2.MOV</string>
			<key>sourceTree</key>
			<string>&lt;group&gt;</string>
		</dict>
		<key>88BA2F651D8A2356006C9C5D</key>
		<dict>
			<key>fileRef</key>
			<string>88BA2F631D8A2356006C9C5D</string>
			<key>isa</key>
			<string>PBXBuildFile</string>
		</dict>
		<key>88BA2F661D8A2356006C9C5D</key>
		<dict>
			<key>fileRef</key>
			<string>88BA2F641D8A2356006C9C5D</string>
			<key>isa</key>
			<string>PBXBuildFile</string>
		</dict>
		<key>88CB17B21D936FAC0056B263</key>
		<dict>
			<key>isa</key>
			<string>PBXFileReference</string>
			<key>lastKnownFileType</key>
			<string>audio.mp3</string>
			<key>path</key>
			<string>02 Florida - My House.mp3</string>
			<key>sourceTree</key>
			<string>&lt;group&gt;</string>
		</dict>
		<key>88CB17B31D936FAC0056B263</key>
		<dict>
			<key>fileRef</key>
			<string>88CB17B21D936FAC0056B263</string>
			<key>isa</key>
			<string>PBXBuildFile</string>
		</dict>
		<key>88CB17B41D9370D70056B263</key>
		<dict>
			<key>isa</key>
			<string>PBXFileReference</string>
			<key>lastKnownFileType</key>
			<string>image.png</string>
			<key>name</key>
			<string>LAoutro.PNG</string>
			<key>path</key>
			<string>../LAoutro.PNG</string>
			<key>sourceTree</key>
			<string>&lt;group&gt;</string>
		</dict>
		<key>88CB17B51D9370D70056B263</key>
		<dict>
			<key>isa</key>
			<string>PBXFileReference</string>
			<key>lastKnownFileType</key>
			<string>image.png</string>
			<key>name</key>
			<string>LAintro.PNG</string>
			<key>path</key>
			<string>../LAintro.PNG</string>
			<key>sourceTree</key>
			<string>&lt;group&gt;</string>
		</dict>
		<key>88CB17B61D9370D70056B263</key>
		<dict>
			<key>fileRef</key>
			<string>88CB17B41D9370D70056B263</string>
			<key>isa</key>
			<string>PBXBuildFile</string>
		</dict>
		<key>88CB17B71D9370D70056B263</key>
		<dict>
			<key>fileRef</key>
			<string>88CB17B51D9370D70056B263</string>
			<key>isa</key>
			<string>PBXBuildFile</string>
		</dict>
		<key>88CB17B81D93711D0056B263</key>
		<dict>
			<key>children</key>
			<array>
				<string>88CB17B51D9370D70056B263</string>
				<string>88CB17B41D9370D70056B263</string>
				<string>88CB17B91D93711D0056B263</string>
				<string>88CB17BA1D93711D0056B263</string>
				<string>88CB17BB1D93711D0056B263</string>
				<string>88CB17BC1D93711D0056B263</string>
				<string>88CB17BE1D93711D0056B263</string>
				<string>88CB17BF1D93711D0056B263</string>
				<string>88CB17C01D93711D0056B263</string>
				<string>88CB17C11D93711D0056B263</string>
				<string>88CB17C21D93711D0056B263</string>
				<string>88CB17C31D93711D0056B263</string>
				<string>88CB17C41D93711D0056B263</string>
				<string>88CB17C51D93711D0056B263</string>
				<string>88CB17C61D93711D0056B263</string>
				<string>88CB17C71D93711D0056B263</string>
				<string>88CB17C81D93711D0056B263</string>
				<string>88CB17C91D93711D0056B263</string>
				<string>88CB17CA1D93711D0056B263</string>
				<string>88CB17CB1D93711D0056B263</string>
				<string>88CB17CE1D93711D0056B263</string>
				<string>88CB17CF1D93711D0056B263</string>
				<string>88CB17D01D93711D0056B263</string>
				<string>88CB17D21D93711D0056B263</string>
				<string>88CB17D31D93711D0056B263</string>
				<string>88CB17D41D93711D0056B263</string>
				<string>88CB17D51D93711D0056B263</string>
				<string>88CB17D61D93711D0056B263</string>
				<string>88CB17D71D93711D0056B263</string>
				<string>88CB17D81D93711D0056B263</string>
				<string>88CB17DA1D93711D0056B263</string>
				<string>88CB17DB1D93711D0056B263</string>
			</array>
			<key>isa</key>
			<string>PBXGroup</string>
			<key>path</key>
			<string>Port Washington Astros</string>
			<key>sourceTree</key>
			<string>&lt;group&gt;</string>
		</dict>
		<key>88CB17B91D93711D0056B263</key>
		<dict>
			<key>isa</key>
			<string>PBXFileReference</string>
			<key>lastKnownFileType</key>
			<string>image.jpeg</string>
			<key>path</key>
			<string>IMG_2354.JPG</string>
			<key>sourceTree</key>
			<string>&lt;group&gt;</string>
		</dict>
		<key>88CB17BA1D93711D0056B263</key>
		<dict>
			<key>isa</key>
			<string>PBXFileReference</string>
			<key>lastKnownFileType</key>
			<string>image.jpeg</string>
			<key>path</key>
			<string>IMG_2361.JPG</string>
			<key>sourceTree</key>
			<string>&lt;group&gt;</string>
		</dict>
		<key>88CB17BB1D93711D0056B263</key>
		<dict>
			<key>isa</key>
			<string>PBXFileReference</string>
			<key>lastKnownFileType</key>
			<string>image.jpeg</string>
			<key>path</key>
			<string>IMG_2368.JPG</string>
			<key>sourceTree</key>
			<string>&lt;group&gt;</string>
		</dict>
		<key>88CB17BC1D93711D0056B263</key>
		<dict>
			<key>isa</key>
			<string>PBXFileReference</string>
			<key>lastKnownFileType</key>
			<string>image.jpeg</string>
			<key>path</key>
			<string>IMG_2369.JPG</string>
			<key>sourceTree</key>
			<string>&lt;group&gt;</string>
		</dict>
		<key>88CB17BE1D93711D0056B263</key>
		<dict>
			<key>isa</key>
			<string>PBXFileReference</string>
			<key>lastKnownFileType</key>
			<string>image.jpeg</string>
			<key>path</key>
			<string>IMG_2380.JPG</string>
			<key>sourceTree</key>
			<string>&lt;group&gt;</string>
		</dict>
		<key>88CB17BF1D93711D0056B263</key>
		<dict>
			<key>isa</key>
			<string>PBXFileReference</string>
			<key>lastKnownFileType</key>
			<string>image.jpeg</string>
			<key>path</key>
			<string>IMG_2383.JPG</string>
			<key>sourceTree</key>
			<string>&lt;group&gt;</string>
		</dict>
		<key>88CB17C01D93711D0056B263</key>
		<dict>
			<key>isa</key>
			<string>PBXFileReference</string>
			<key>lastKnownFileType</key>
			<string>image.jpeg</string>
			<key>path</key>
			<string>IMG_2386.JPG</string>
			<key>sourceTree</key>
			<string>&lt;group&gt;</string>
		</dict>
		<key>88CB17C11D93711D0056B263</key>
		<dict>
			<key>isa</key>
			<string>PBXFileReference</string>
			<key>lastKnownFileType</key>
			<string>image.jpeg</string>
			<key>path</key>
			<string>IMG_2387.JPG</string>
			<key>sourceTree</key>
			<string>&lt;group&gt;</string>
		</dict>
		<key>88CB17C21D93711D0056B263</key>
		<dict>
			<key>isa</key>
			<string>PBXFileReference</string>
			<key>lastKnownFileType</key>
			<string>image.jpeg</string>
			<key>path</key>
			<string>IMG_2400.JPG</string>
			<key>sourceTree</key>
			<string>&lt;group&gt;</string>
		</dict>
		<key>88CB17C31D93711D0056B263</key>
		<dict>
			<key>isa</key>
			<string>PBXFileReference</string>
			<key>lastKnownFileType</key>
			<string>image.jpeg</string>
			<key>path</key>
			<string>IMG_2401.JPG</string>
			<key>sourceTree</key>
			<string>&lt;group&gt;</string>
		</dict>
		<key>88CB17C41D93711D0056B263</key>
		<dict>
			<key>isa</key>
			<string>PBXFileReference</string>
			<key>lastKnownFileType</key>
			<string>image.jpeg</string>
			<key>path</key>
			<string>IMG_2404.JPG</string>
			<key>sourceTree</key>
			<string>&lt;group&gt;</string>
		</dict>
		<key>88CB17C51D93711D0056B263</key>
		<dict>
			<key>isa</key>
			<string>PBXFileReference</string>
			<key>lastKnownFileType</key>
			<string>image.jpeg</string>
			<key>path</key>
			<string>IMG_2405.JPG</string>
			<key>sourceTree</key>
			<string>&lt;group&gt;</string>
		</dict>
		<key>88CB17C61D93711D0056B263</key>
		<dict>
			<key>isa</key>
			<string>PBXFileReference</string>
			<key>lastKnownFileType</key>
			<string>image.jpeg</string>
			<key>path</key>
			<string>IMG_2408.JPG</string>
			<key>sourceTree</key>
			<string>&lt;group&gt;</string>
		</dict>
		<key>88CB17C71D93711D0056B263</key>
		<dict>
			<key>isa</key>
			<string>PBXFileReference</string>
			<key>lastKnownFileType</key>
			<string>image.jpeg</string>
			<key>path</key>
			<string>IMG_2409.JPG</string>
			<key>sourceTree</key>
			<string>&lt;group&gt;</string>
		</dict>
		<key>88CB17C81D93711D0056B263</key>
		<dict>
			<key>isa</key>
			<string>PBXFileReference</string>
			<key>lastKnownFileType</key>
			<string>image.jpeg</string>
			<key>path</key>
			<string>IMG_2412.JPG</string>
			<key>sourceTree</key>
			<string>&lt;group&gt;</string>
		</dict>
		<key>88CB17C91D93711D0056B263</key>
		<dict>
			<key>isa</key>
			<string>PBXFileReference</string>
			<key>lastKnownFileType</key>
			<string>image.jpeg</string>
			<key>path</key>
			<string>IMG_2414.JPG</string>
			<key>sourceTree</key>
			<string>&lt;group&gt;</string>
		</dict>
		<key>88CB17CA1D93711D0056B263</key>
		<dict>
			<key>isa</key>
			<string>PBXFileReference</string>
			<key>lastKnownFileType</key>
			<string>image.jpeg</string>
			<key>path</key>
			<string>IMG_2425.JPG</string>
			<key>sourceTree</key>
			<string>&lt;group&gt;</string>
		</dict>
		<key>88CB17CB1D93711D0056B263</key>
		<dict>
			<key>isa</key>
			<string>PBXFileReference</string>
			<key>lastKnownFileType</key>
			<string>image.jpeg</string>
			<key>path</key>
			<string>IMG_2431.JPG</string>
			<key>sourceTree</key>
			<string>&lt;group&gt;</string>
		</dict>
		<key>88CB17CE1D93711D0056B263</key>
		<dict>
			<key>isa</key>
			<string>PBXFileReference</string>
			<key>lastKnownFileType</key>
			<string>image.jpeg</string>
			<key>path</key>
			<string>IMG_2438.JPG</string>
			<key>sourceTree</key>
			<string>&lt;group&gt;</string>
		</dict>
		<key>88CB17CF1D93711D0056B263</key>
		<dict>
			<key>isa</key>
			<string>PBXFileReference</string>
			<key>lastKnownFileType</key>
			<string>image.jpeg</string>
			<key>path</key>
			<string>IMG_2441.JPG</string>
			<key>sourceTree</key>
			<string>&lt;group&gt;</string>
		</dict>
		<key>88CB17D01D93711D0056B263</key>
		<dict>
			<key>isa</key>
			<string>PBXFileReference</string>
			<key>lastKnownFileType</key>
			<string>image.jpeg</string>
			<key>path</key>
			<string>IMG_2442.JPG</string>
			<key>sourceTree</key>
			<string>&lt;group&gt;</string>
		</dict>
		<key>88CB17D21D93711D0056B263</key>
		<dict>
			<key>isa</key>
			<string>PBXFileReference</string>
			<key>lastKnownFileType</key>
			<string>image.jpeg</string>
			<key>path</key>
			<string>IMG_2446.JPG</string>
			<key>sourceTree</key>
			<string>&lt;group&gt;</string>
		</dict>
		<key>88CB17D31D93711D0056B263</key>
		<dict>
			<key>isa</key>
			<string>PBXFileReference</string>
			<key>lastKnownFileType</key>
			<string>image.jpeg</string>
			<key>path</key>
			<string>IMG_2448.JPG</string>
			<key>sourceTree</key>
			<string>&lt;group&gt;</string>
		</dict>
		<key>88CB17D41D93711D0056B263</key>
		<dict>
			<key>isa</key>
			<string>PBXFileReference</string>
			<key>lastKnownFileType</key>
			<string>image.jpeg</string>
			<key>path</key>
			<string>IMG_2450.JPG</string>
			<key>sourceTree</key>
			<string>&lt;group&gt;</string>
		</dict>
		<key>88CB17D51D93711D0056B263</key>
		<dict>
			<key>isa</key>
			<string>PBXFileReference</string>
			<key>lastKnownFileType</key>
			<string>image.jpeg</string>
			<key>path</key>
			<string>IMG_2451.JPG</string>
			<key>sourceTree</key>
			<string>&lt;group&gt;</string>
		</dict>
		<key>88CB17D61D93711D0056B263</key>
		<dict>
			<key>isa</key>
			<string>PBXFileReference</string>
			<key>lastKnownFileType</key>
			<string>image.jpeg</string>
			<key>path</key>
			<string>IMG_2452.JPG</string>
			<key>sourceTree</key>
			<string>&lt;group&gt;</string>
		</dict>
		<key>88CB17D71D93711D0056B263</key>
		<dict>
			<key>isa</key>
			<string>PBXFileReference</string>
			<key>lastKnownFileType</key>
			<string>image.jpeg</string>
			<key>path</key>
			<string>IMG_2453.JPG</string>
			<key>sourceTree</key>
			<string>&lt;group&gt;</string>
		</dict>
		<key>88CB17D81D93711D0056B263</key>
		<dict>
			<key>isa</key>
			<string>PBXFileReference</string>
			<key>lastKnownFileType</key>
			<string>image.jpeg</string>
			<key>path</key>
			<string>IMG_2456.JPG</string>
			<key>sourceTree</key>
			<string>&lt;group&gt;</string>
		</dict>
		<key>88CB17DA1D93711D0056B263</key>
		<dict>
			<key>isa</key>
			<string>PBXFileReference</string>
			<key>lastKnownFileType</key>
			<string>image.jpeg</string>
			<key>path</key>
			<string>IMG_2458.JPG</string>
			<key>sourceTree</key>
			<string>&lt;group&gt;</string>
		</dict>
		<key>88CB17DB1D93711D0056B263</key>
		<dict>
			<key>isa</key>
			<string>PBXFileReference</string>
			<key>lastKnownFileType</key>
			<string>image.jpeg</string>
			<key>path</key>
			<string>IMG_2459.JPG</string>
			<key>sourceTree</key>
			<string>&lt;group&gt;</string>
		</dict>
		<key>88CB17DC1D93711D0056B263</key>
		<dict>
			<key>fileRef</key>
			<string>88CB17B91D93711D0056B263</string>
			<key>isa</key>
			<string>PBXBuildFile</string>
		</dict>
		<key>88CB17DD1D93711D0056B263</key>
		<dict>
			<key>fileRef</key>
			<string>88CB17BA1D93711D0056B263</string>
			<key>isa</key>
			<string>PBXBuildFile</string>
		</dict>
		<key>88CB17DE1D93711D0056B263</key>
		<dict>
			<key>fileRef</key>
			<string>88CB17BB1D93711D0056B263</string>
			<key>isa</key>
			<string>PBXBuildFile</string>
		</dict>
		<key>88CB17DF1D93711D0056B263</key>
		<dict>
			<key>fileRef</key>
			<string>88CB17BC1D93711D0056B263</string>
			<key>isa</key>
			<string>PBXBuildFile</string>
		</dict>
		<key>88CB17E11D93711D0056B263</key>
		<dict>
			<key>fileRef</key>
			<string>88CB17BE1D93711D0056B263</string>
			<key>isa</key>
			<string>PBXBuildFile</string>
		</dict>
		<key>88CB17E21D93711D0056B263</key>
		<dict>
			<key>fileRef</key>
			<string>88CB17BF1D93711D0056B263</string>
			<key>isa</key>
			<string>PBXBuildFile</string>
		</dict>
		<key>88CB17E31D93711D0056B263</key>
		<dict>
			<key>fileRef</key>
			<string>88CB17C01D93711D0056B263</string>
			<key>isa</key>
			<string>PBXBuildFile</string>
		</dict>
		<key>88CB17E41D93711D0056B263</key>
		<dict>
			<key>fileRef</key>
			<string>88CB17C11D93711D0056B263</string>
			<key>isa</key>
			<string>PBXBuildFile</string>
		</dict>
		<key>88CB17E51D93711D0056B263</key>
		<dict>
			<key>fileRef</key>
			<string>88CB17C21D93711D0056B263</string>
			<key>isa</key>
			<string>PBXBuildFile</string>
		</dict>
		<key>88CB17E61D93711D0056B263</key>
		<dict>
			<key>fileRef</key>
			<string>88CB17C31D93711D0056B263</string>
			<key>isa</key>
			<string>PBXBuildFile</string>
		</dict>
		<key>88CB17E71D93711D0056B263</key>
		<dict>
			<key>fileRef</key>
			<string>88CB17C41D93711D0056B263</string>
			<key>isa</key>
			<string>PBXBuildFile</string>
		</dict>
		<key>88CB17E81D93711D0056B263</key>
		<dict>
			<key>fileRef</key>
			<string>88CB17C51D93711D0056B263</string>
			<key>isa</key>
			<string>PBXBuildFile</string>
		</dict>
		<key>88CB17E91D93711D0056B263</key>
		<dict>
			<key>fileRef</key>
			<string>88CB17C61D93711D0056B263</string>
			<key>isa</key>
			<string>PBXBuildFile</string>
		</dict>
		<key>88CB17EA1D93711D0056B263</key>
		<dict>
			<key>fileRef</key>
			<string>88CB17C71D93711D0056B263</string>
			<key>isa</key>
			<string>PBXBuildFile</string>
		</dict>
		<key>88CB17EB1D93711D0056B263</key>
		<dict>
			<key>fileRef</key>
			<string>88CB17C81D93711D0056B263</string>
			<key>isa</key>
			<string>PBXBuildFile</string>
		</dict>
		<key>88CB17EC1D93711D0056B263</key>
		<dict>
			<key>fileRef</key>
			<string>88CB17C91D93711D0056B263</string>
			<key>isa</key>
			<string>PBXBuildFile</string>
		</dict>
		<key>88CB17ED1D93711D0056B263</key>
		<dict>
			<key>fileRef</key>
			<string>88CB17CA1D93711D0056B263</string>
			<key>isa</key>
			<string>PBXBuildFile</string>
		</dict>
		<key>88CB17EE1D93711D0056B263</key>
		<dict>
			<key>fileRef</key>
			<string>88CB17CB1D93711D0056B263</string>
			<key>isa</key>
			<string>PBXBuildFile</string>
		</dict>
		<key>88CB17F11D93711D0056B263</key>
		<dict>
			<key>fileRef</key>
			<string>88CB17CE1D93711D0056B263</string>
			<key>isa</key>
			<string>PBXBuildFile</string>
		</dict>
		<key>88CB17F21D93711D0056B263</key>
		<dict>
			<key>fileRef</key>
			<string>88CB17CF1D93711D0056B263</string>
			<key>isa</key>
			<string>PBXBuildFile</string>
		</dict>
		<key>88CB17F31D93711D0056B263</key>
		<dict>
			<key>fileRef</key>
			<string>88CB17D01D93711D0056B263</string>
			<key>isa</key>
			<string>PBXBuildFile</string>
		</dict>
		<key>88CB17F51D93711D0056B263</key>
		<dict>
			<key>fileRef</key>
			<string>88CB17D21D93711D0056B263</string>
			<key>isa</key>
			<string>PBXBuildFile</string>
		</dict>
		<key>88CB17F61D93711D0056B263</key>
		<dict>
			<key>fileRef</key>
			<string>88CB17D31D93711D0056B263</string>
			<key>isa</key>
			<string>PBXBuildFile</string>
		</dict>
		<key>88CB17F71D93711D0056B263</key>
		<dict>
			<key>fileRef</key>
			<string>88CB17D41D93711D0056B263</string>
			<key>isa</key>
			<string>PBXBuildFile</string>
		</dict>
		<key>88CB17F81D93711D0056B263</key>
		<dict>
			<key>fileRef</key>
			<string>88CB17D51D93711D0056B263</string>
			<key>isa</key>
			<string>PBXBuildFile</string>
		</dict>
		<key>88CB17F91D93711D0056B263</key>
		<dict>
			<key>fileRef</key>
			<string>88CB17D61D93711D0056B263</string>
			<key>isa</key>
			<string>PBXBuildFile</string>
		</dict>
		<key>88CB17FA1D93711D0056B263</key>
		<dict>
			<key>fileRef</key>
			<string>88CB17D71D93711D0056B263</string>
			<key>isa</key>
			<string>PBXBuildFile</string>
		</dict>
		<key>88CB17FB1D93711D0056B263</key>
		<dict>
			<key>fileRef</key>
			<string>88CB17D81D93711D0056B263</string>
			<key>isa</key>
			<string>PBXBuildFile</string>
		</dict>
		<key>88CB17FD1D93711D0056B263</key>
		<dict>
			<key>fileRef</key>
			<string>88CB17DA1D93711D0056B263</string>
			<key>isa</key>
			<string>PBXBuildFile</string>
		</dict>
		<key>88CB17FE1D93711D0056B263</key>
		<dict>
			<key>fileRef</key>
			<string>88CB17DB1D93711D0056B263</string>
			<key>isa</key>
			<string>PBXBuildFile</string>
		</dict>
		<key>88D784061DAFEB8A002B1859</key>
		<dict>
			<key>isa</key>
			<string>PBXFileReference</string>
			<key>lastKnownFileType</key>
			<string>audio.mp3</string>
			<key>path</key>
			<string>TPWW_InMyShoes_F1.mp3</string>
			<key>sourceTree</key>
			<string>&lt;group&gt;</string>
		</dict>
		<key>88D784071DAFEB8A002B1859</key>
		<dict>
			<key>fileRef</key>
			<string>88D784061DAFEB8A002B1859</string>
			<key>isa</key>
			<string>PBXBuildFile</string>
		</dict>
		<key>88D784081DAFEB8A002B1859</key>
		<dict>
			<key>fileRef</key>
			<string>88D784061DAFEB8A002B1859</string>
			<key>isa</key>
			<string>PBXBuildFile</string>
		</dict>
		<key>88D784091DAFEB8A002B1859</key>
		<dict>
			<key>fileRef</key>
			<string>88D784061DAFEB8A002B1859</string>
			<key>isa</key>
			<string>PBXBuildFile</string>
		</dict>
		<key>9018CB193B8ED96D336E1394</key>
		<dict>
			<key>buildActionMask</key>
			<string>2147483647</string>
			<key>files</key>
			<array/>
			<key>inputPaths</key>
			<array/>
			<key>isa</key>
			<string>PBXShellScriptBuildPhase</string>
			<key>name</key>
			<string>[CP] Embed Pods Frameworks</string>
			<key>outputPaths</key>
			<array/>
			<key>runOnlyForDeploymentPostprocessing</key>
			<string>0</string>
			<key>shellPath</key>
			<string>/bin/sh</string>
			<key>shellScript</key>
			<string>"${SRCROOT}/Pods/Target Support Files/Pods-Bunk1SpotlightReelMakerTests/Pods-Bunk1SpotlightReelMakerTests-frameworks.sh"
</string>
			<key>showEnvVarsInLog</key>
			<string>0</string>
		</dict>
		<key>91D7E433814F10B39696F95A</key>
		<dict>
			<key>includeInIndex</key>
			<string>1</string>
			<key>isa</key>
			<string>PBXFileReference</string>
			<key>lastKnownFileType</key>
			<string>text.xcconfig</string>
			<key>name</key>
			<string>Pods-Bunk1SpotlightReelMakerTests.release.xcconfig</string>
			<key>path</key>
			<string>Pods/Target Support Files/Pods-Bunk1SpotlightReelMakerTests/Pods-Bunk1SpotlightReelMakerTests.release.xcconfig</string>
			<key>sourceTree</key>
			<string>&lt;group&gt;</string>
		</dict>
		<key>A0C2F52C0736C38F874D5B33</key>
		<dict>
			<key>includeInIndex</key>
			<string>1</string>
			<key>isa</key>
			<string>PBXFileReference</string>
			<key>lastKnownFileType</key>
			<string>text.xcconfig</string>
			<key>name</key>
			<string>Pods-Bunk1SpotlightReelMaker.release.xcconfig</string>
			<key>path</key>
			<string>Pods/Target Support Files/Pods-Bunk1SpotlightReelMaker/Pods-Bunk1SpotlightReelMaker.release.xcconfig</string>
			<key>sourceTree</key>
			<string>&lt;group&gt;</string>
		</dict>
		<key>A54BCF638E6015F89E9B8C36</key>
		<dict>
			<key>includeInIndex</key>
			<string>1</string>
			<key>isa</key>
			<string>PBXFileReference</string>
			<key>lastKnownFileType</key>
			<string>text.xcconfig</string>
			<key>name</key>
			<string>Pods-Bunk1SpotlightReelMaker.debug.xcconfig</string>
			<key>path</key>
			<string>Pods/Target Support Files/Pods-Bunk1SpotlightReelMaker/Pods-Bunk1SpotlightReelMaker.debug.xcconfig</string>
			<key>sourceTree</key>
			<string>&lt;group&gt;</string>
		</dict>
		<key>AA52F221A12B745496BE1E97</key>
		<dict>
			<key>buildActionMask</key>
			<string>2147483647</string>
			<key>files</key>
			<array/>
			<key>inputPaths</key>
			<array/>
			<key>isa</key>
			<string>PBXShellScriptBuildPhase</string>
			<key>name</key>
			<string>[CP] Check Pods Manifest.lock</string>
			<key>outputPaths</key>
			<array/>
			<key>runOnlyForDeploymentPostprocessing</key>
			<string>0</string>
			<key>shellPath</key>
			<string>/bin/sh</string>
			<key>shellScript</key>
			<string>diff "${PODS_ROOT}/../Podfile.lock" "${PODS_ROOT}/Manifest.lock" &gt; /dev/null
if [[ $? != 0 ]] ; then
    cat &lt;&lt; EOM
error: The sandbox is not in sync with the Podfile.lock. Run 'pod install' or update your CocoaPods installation.
EOM
    exit 1
fi
</string>
			<key>showEnvVarsInLog</key>
			<string>0</string>
		</dict>
		<key>B2F068D00FF51E80E641EAAC</key>
		<dict>
			<key>fileRef</key>
			<string>0CD224A466541E5C90B6BF12</string>
			<key>isa</key>
			<string>PBXBuildFile</string>
		</dict>
		<key>B67F5B869F7B0A9D4AD91489</key>
		<dict>
			<key>buildActionMask</key>
			<string>2147483647</string>
			<key>files</key>
			<array/>
			<key>inputPaths</key>
			<array/>
			<key>isa</key>
			<string>PBXShellScriptBuildPhase</string>
			<key>name</key>
			<string>[CP] Check Pods Manifest.lock</string>
			<key>outputPaths</key>
			<array/>
			<key>runOnlyForDeploymentPostprocessing</key>
			<string>0</string>
			<key>shellPath</key>
			<string>/bin/sh</string>
			<key>shellScript</key>
			<string>diff "${PODS_ROOT}/../Podfile.lock" "${PODS_ROOT}/Manifest.lock" &gt; /dev/null
if [[ $? != 0 ]] ; then
    cat &lt;&lt; EOM
error: The sandbox is not in sync with the Podfile.lock. Run 'pod install' or update your CocoaPods installation.
EOM
    exit 1
fi
</string>
			<key>showEnvVarsInLog</key>
			<string>0</string>
		</dict>
		<key>CF0FE7BF7CB8DA5EF52E1D40</key>
		<dict>
			<key>buildActionMask</key>
			<string>2147483647</string>
			<key>files</key>
			<array/>
			<key>inputPaths</key>
			<array/>
			<key>isa</key>
			<string>PBXShellScriptBuildPhase</string>
			<key>name</key>
			<string>[CP] Copy Pods Resources</string>
			<key>outputPaths</key>
			<array/>
			<key>runOnlyForDeploymentPostprocessing</key>
			<string>0</string>
			<key>shellPath</key>
			<string>/bin/sh</string>
			<key>shellScript</key>
			<string>"${SRCROOT}/Pods/Target Support Files/Pods-Bunk1SpotlightReelMakerTests/Pods-Bunk1SpotlightReelMakerTests-resources.sh"
</string>
			<key>showEnvVarsInLog</key>
			<string>0</string>
		</dict>
		<key>DD79984F631DC5F61FBF7966</key>
		<dict>
			<key>includeInIndex</key>
			<string>1</string>
			<key>isa</key>
			<string>PBXFileReference</string>
			<key>lastKnownFileType</key>
			<string>text.xcconfig</string>
			<key>name</key>
			<string>Pods-Bunk1SpotlightReelMakerTests.debug.xcconfig</string>
			<key>path</key>
			<string>Pods/Target Support Files/Pods-Bunk1SpotlightReelMakerTests/Pods-Bunk1SpotlightReelMakerTests.debug.xcconfig</string>
			<key>sourceTree</key>
			<string>&lt;group&gt;</string>
		</dict>
		<key>DE91570D99A9BBAAF40872E6</key>
		<dict>
			<key>explicitFileType</key>
			<string>wrapper.framework</string>
			<key>includeInIndex</key>
			<string>0</string>
			<key>isa</key>
			<string>PBXFileReference</string>
			<key>path</key>
			<string>Pods_Bunk1SpotlightReelMakerTests.framework</string>
			<key>sourceTree</key>
			<string>BUILT_PRODUCTS_DIR</string>
		</dict>
		<key>EF2B071891BFFF7467105F57</key>
		<dict>
			<key>children</key>
			<array>
				<string>A54BCF638E6015F89E9B8C36</string>
				<string>A0C2F52C0736C38F874D5B33</string>
				<string>DD79984F631DC5F61FBF7966</string>
				<string>91D7E433814F10B39696F95A</string>
				<string>EF3EE906A38CBA6F1611B4F7</string>
				<string>7107C88DEAFA4C1FF55B959A</string>
			</array>
			<key>isa</key>
			<string>PBXGroup</string>
			<key>name</key>
			<string>Pods</string>
			<key>sourceTree</key>
			<string>&lt;group&gt;</string>
		</dict>
		<key>EF3EE906A38CBA6F1611B4F7</key>
		<dict>
			<key>includeInIndex</key>
			<string>1</string>
			<key>isa</key>
			<string>PBXFileReference</string>
			<key>lastKnownFileType</key>
			<string>text.xcconfig</string>
			<key>name</key>
			<string>Pods-Bunk1SpotlightReelMakerUITests.debug.xcconfig</string>
			<key>path</key>
			<string>Pods/Target Support Files/Pods-Bunk1SpotlightReelMakerUITests/Pods-Bunk1SpotlightReelMakerUITests.debug.xcconfig</string>
			<key>sourceTree</key>
			<string>&lt;group&gt;</string>
		</dict>
		<key>F78FD76B8D6531954956A1BD</key>
		<dict>
			<key>buildActionMask</key>
			<string>2147483647</string>
			<key>files</key>
			<array/>
			<key>inputPaths</key>
			<array/>
			<key>isa</key>
			<string>PBXShellScriptBuildPhase</string>
			<key>name</key>
			<string>[CP] Copy Pods Resources</string>
			<key>outputPaths</key>
			<array/>
			<key>runOnlyForDeploymentPostprocessing</key>
			<string>0</string>
			<key>shellPath</key>
			<string>/bin/sh</string>
			<key>shellScript</key>
			<string>"${SRCROOT}/Pods/Target Support Files/Pods-Bunk1SpotlightReelMakerUITests/Pods-Bunk1SpotlightReelMakerUITests-resources.sh"
</string>
			<key>showEnvVarsInLog</key>
			<string>0</string>
		</dict>
	</dict>
	<key>rootObject</key>
	<string>88BA2F131D89F74B006C9C5D</string>
</dict>
</plist>
